// !$*UTF8*$!
{
	archiveVersion = 1;
	classes = {
	};
	objectVersion = 51;
	objects = {

/* Begin PBXBuildFile section */
		796C42D233873FDE0D54BBB2 /* Pods_BoostAttendance.framework in Frameworks */ = {isa = PBXBuildFile; fileRef = 99BC4641DA53AA343F56B2BF /* Pods_BoostAttendance.framework */; };
		F75DBA5026FC8D4F00904645 /* AppDelegate.swift in Sources */ = {isa = PBXBuildFile; fileRef = F75DBA4F26FC8D4F00904645 /* AppDelegate.swift */; };
		F75DBA5226FC8D4F00904645 /* SceneDelegate.swift in Sources */ = {isa = PBXBuildFile; fileRef = F75DBA5126FC8D4F00904645 /* SceneDelegate.swift */; };
		F75DBA5426FC8D4F00904645 /* ViewController.swift in Sources */ = {isa = PBXBuildFile; fileRef = F75DBA5326FC8D4F00904645 /* ViewController.swift */; };
		F75DBA5726FC8D4F00904645 /* Main.storyboard in Resources */ = {isa = PBXBuildFile; fileRef = F75DBA5526FC8D4F00904645 /* Main.storyboard */; };
		F75DBA5926FC8D5000904645 /* Assets.xcassets in Resources */ = {isa = PBXBuildFile; fileRef = F75DBA5826FC8D5000904645 /* Assets.xcassets */; };
		F75DBA5C26FC8D5000904645 /* LaunchScreen.storyboard in Resources */ = {isa = PBXBuildFile; fileRef = F75DBA5A26FC8D5000904645 /* LaunchScreen.storyboard */; };
		F75DBA6426FC8D8400904645 /* GoogleService-Info.plist in Resources */ = {isa = PBXBuildFile; fileRef = F75DBA6326FC8D8400904645 /* GoogleService-Info.plist */; };
		F7DC806826FCB78300DB539F /* UIViewExtension.swift in Sources */ = {isa = PBXBuildFile; fileRef = F7DC806726FCB78300DB539F /* UIViewExtension.swift */; };
		F7DC806A26FCC37400DB539F /* CheckInOutViewController.swift in Sources */ = {isa = PBXBuildFile; fileRef = F7DC806926FCC37400DB539F /* CheckInOutViewController.swift */; };
/* End PBXBuildFile section */

/* Begin PBXFileReference section */
		1C5EB9079246A56430A9FA62 /* Pods-BoostAttendance.debug.xcconfig */ = {isa = PBXFileReference; includeInIndex = 1; lastKnownFileType = text.xcconfig; name = "Pods-BoostAttendance.debug.xcconfig"; path = "Target Support Files/Pods-BoostAttendance/Pods-BoostAttendance.debug.xcconfig"; sourceTree = "<group>"; };
		99BC4641DA53AA343F56B2BF /* Pods_BoostAttendance.framework */ = {isa = PBXFileReference; explicitFileType = wrapper.framework; includeInIndex = 0; path = Pods_BoostAttendance.framework; sourceTree = BUILT_PRODUCTS_DIR; };
		9DF591B7B2B66ADEEE192111 /* Pods-BoostAttendance.release.xcconfig */ = {isa = PBXFileReference; includeInIndex = 1; lastKnownFileType = text.xcconfig; name = "Pods-BoostAttendance.release.xcconfig"; path = "Target Support Files/Pods-BoostAttendance/Pods-BoostAttendance.release.xcconfig"; sourceTree = "<group>"; };
		F75DBA4C26FC8D4F00904645 /* BoostAttendance.app */ = {isa = PBXFileReference; explicitFileType = wrapper.application; includeInIndex = 0; path = BoostAttendance.app; sourceTree = BUILT_PRODUCTS_DIR; };
		F75DBA4F26FC8D4F00904645 /* AppDelegate.swift */ = {isa = PBXFileReference; lastKnownFileType = sourcecode.swift; path = AppDelegate.swift; sourceTree = "<group>"; };
		F75DBA5126FC8D4F00904645 /* SceneDelegate.swift */ = {isa = PBXFileReference; lastKnownFileType = sourcecode.swift; path = SceneDelegate.swift; sourceTree = "<group>"; };
		F75DBA5326FC8D4F00904645 /* ViewController.swift */ = {isa = PBXFileReference; lastKnownFileType = sourcecode.swift; path = ViewController.swift; sourceTree = "<group>"; };
		F75DBA5626FC8D4F00904645 /* Base */ = {isa = PBXFileReference; lastKnownFileType = file.storyboard; name = Base; path = Base.lproj/Main.storyboard; sourceTree = "<group>"; };
		F75DBA5826FC8D5000904645 /* Assets.xcassets */ = {isa = PBXFileReference; lastKnownFileType = folder.assetcatalog; path = Assets.xcassets; sourceTree = "<group>"; };
		F75DBA5B26FC8D5000904645 /* Base */ = {isa = PBXFileReference; lastKnownFileType = file.storyboard; name = Base; path = Base.lproj/LaunchScreen.storyboard; sourceTree = "<group>"; };
		F75DBA5D26FC8D5000904645 /* Info.plist */ = {isa = PBXFileReference; lastKnownFileType = text.plist.xml; path = Info.plist; sourceTree = "<group>"; };
		F75DBA6326FC8D8400904645 /* GoogleService-Info.plist */ = {isa = PBXFileReference; fileEncoding = 4; lastKnownFileType = text.plist.xml; path = "GoogleService-Info.plist"; sourceTree = "<group>"; };
		F7DC806726FCB78300DB539F /* UIViewExtension.swift */ = {isa = PBXFileReference; lastKnownFileType = sourcecode.swift; path = UIViewExtension.swift; sourceTree = "<group>"; };
		F7DC806926FCC37400DB539F /* CheckInOutViewController.swift */ = {isa = PBXFileReference; lastKnownFileType = sourcecode.swift; path = CheckInOutViewController.swift; sourceTree = "<group>"; };
/* End PBXFileReference section */

/* Begin PBXFrameworksBuildPhase section */
		F75DBA4926FC8D4F00904645 /* Frameworks */ = {
			isa = PBXFrameworksBuildPhase;
			buildActionMask = 2147483647;
			files = (
				796C42D233873FDE0D54BBB2 /* Pods_BoostAttendance.framework in Frameworks */,
			);
			runOnlyForDeploymentPostprocessing = 0;
		};
/* End PBXFrameworksBuildPhase section */

/* Begin PBXGroup section */
		129C92CDFA751BE7597B4E66 /* Pods */ = {
			isa = PBXGroup;
			children = (
				1C5EB9079246A56430A9FA62 /* Pods-BoostAttendance.debug.xcconfig */,
				9DF591B7B2B66ADEEE192111 /* Pods-BoostAttendance.release.xcconfig */,
			);
			path = Pods;
			sourceTree = "<group>";
		};
		7B8997A9597BAEBB39B03CE5 /* Frameworks */ = {
			isa = PBXGroup;
			children = (
				99BC4641DA53AA343F56B2BF /* Pods_BoostAttendance.framework */,
			);
			name = Frameworks;
			sourceTree = "<group>";
		};
		F75DBA4326FC8D4F00904645 = {
			isa = PBXGroup;
			children = (
				F75DBA4E26FC8D4F00904645 /* BoostAttendance */,
				F75DBA4D26FC8D4F00904645 /* Products */,
				129C92CDFA751BE7597B4E66 /* Pods */,
				7B8997A9597BAEBB39B03CE5 /* Frameworks */,
			);
			sourceTree = "<group>";
		};
		F75DBA4D26FC8D4F00904645 /* Products */ = {
			isa = PBXGroup;
			children = (
				F75DBA4C26FC8D4F00904645 /* BoostAttendance.app */,
			);
			name = Products;
			sourceTree = "<group>";
		};
		F75DBA4E26FC8D4F00904645 /* BoostAttendance */ = {
			isa = PBXGroup;
			children = (
				F75DBA4F26FC8D4F00904645 /* AppDelegate.swift */,
				F75DBA5126FC8D4F00904645 /* SceneDelegate.swift */,
				F7DC806726FCB78300DB539F /* UIViewExtension.swift */,
				F75DBA5326FC8D4F00904645 /* ViewController.swift */,
				F75DBA5526FC8D4F00904645 /* Main.storyboard */,
				F7DC806926FCC37400DB539F /* CheckInOutViewController.swift */,
				F75DBA5826FC8D5000904645 /* Assets.xcassets */,
				F75DBA5A26FC8D5000904645 /* LaunchScreen.storyboard */,
				F75DBA6326FC8D8400904645 /* GoogleService-Info.plist */,
				F75DBA5D26FC8D5000904645 /* Info.plist */,
			);
			path = BoostAttendance;
			sourceTree = "<group>";
		};
/* End PBXGroup section */

/* Begin PBXNativeTarget section */
		F75DBA4B26FC8D4F00904645 /* BoostAttendance */ = {
			isa = PBXNativeTarget;
			buildConfigurationList = F75DBA6026FC8D5000904645 /* Build configuration list for PBXNativeTarget "BoostAttendance" */;
			buildPhases = (
				CA879F20228A40DD649D96A0 /* [CP] Check Pods Manifest.lock */,
				F75DBA4826FC8D4F00904645 /* Sources */,
				F75DBA4926FC8D4F00904645 /* Frameworks */,
				F75DBA4A26FC8D4F00904645 /* Resources */,
				140ACE8C876D8ED8D546152F /* [CP] Embed Pods Frameworks */,
			);
			buildRules = (
			);
			dependencies = (
			);
			name = BoostAttendance;
			productName = BoostAttendance;
			productReference = F75DBA4C26FC8D4F00904645 /* BoostAttendance.app */;
			productType = "com.apple.product-type.application";
		};
/* End PBXNativeTarget section */

/* Begin PBXProject section */
		F75DBA4426FC8D4F00904645 /* Project object */ = {
			isa = PBXProject;
			attributes = {
				LastSwiftUpdateCheck = 1250;
				LastUpgradeCheck = 1250;
				TargetAttributes = {
					F75DBA4B26FC8D4F00904645 = {
						CreatedOnToolsVersion = 12.5.1;
					};
				};
			};
			buildConfigurationList = F75DBA4726FC8D4F00904645 /* Build configuration list for PBXProject "BoostAttendance" */;
			compatibilityVersion = "Xcode 9.3";
			developmentRegion = en;
			hasScannedForEncodings = 0;
			knownRegions = (
				en,
				Base,
			);
			mainGroup = F75DBA4326FC8D4F00904645;
			productRefGroup = F75DBA4D26FC8D4F00904645 /* Products */;
			projectDirPath = "";
			projectRoot = "";
			targets = (
				F75DBA4B26FC8D4F00904645 /* BoostAttendance */,
			);
		};
/* End PBXProject section */

/* Begin PBXResourcesBuildPhase section */
		F75DBA4A26FC8D4F00904645 /* Resources */ = {
			isa = PBXResourcesBuildPhase;
			buildActionMask = 2147483647;
			files = (
				F75DBA5C26FC8D5000904645 /* LaunchScreen.storyboard in Resources */,
				F75DBA5926FC8D5000904645 /* Assets.xcassets in Resources */,
				F75DBA5726FC8D4F00904645 /* Main.storyboard in Resources */,
				F75DBA6426FC8D8400904645 /* GoogleService-Info.plist in Resources */,
			);
			runOnlyForDeploymentPostprocessing = 0;
		};
/* End PBXResourcesBuildPhase section */

/* Begin PBXShellScriptBuildPhase section */
		140ACE8C876D8ED8D546152F /* [CP] Embed Pods Frameworks */ = {
			isa = PBXShellScriptBuildPhase;
			buildActionMask = 2147483647;
			files = (
			);
			inputFileListPaths = (
				"${PODS_ROOT}/Target Support Files/Pods-BoostAttendance/Pods-BoostAttendance-frameworks-${CONFIGURATION}-input-files.xcfilelist",
			);
			name = "[CP] Embed Pods Frameworks";
			outputFileListPaths = (
				"${PODS_ROOT}/Target Support Files/Pods-BoostAttendance/Pods-BoostAttendance-frameworks-${CONFIGURATION}-output-files.xcfilelist",
			);
			runOnlyForDeploymentPostprocessing = 0;
			shellPath = /bin/sh;
			shellScript = "\"${PODS_ROOT}/Target Support Files/Pods-BoostAttendance/Pods-BoostAttendance-frameworks.sh\"\n";
			showEnvVarsInLog = 0;
		};
		CA879F20228A40DD649D96A0 /* [CP] Check Pods Manifest.lock */ = {
			isa = PBXShellScriptBuildPhase;
			buildActionMask = 2147483647;
			files = (
			);
			inputFileListPaths = (
			);
			inputPaths = (
				"${PODS_PODFILE_DIR_PATH}/Podfile.lock",
				"${PODS_ROOT}/Manifest.lock",
			);
			name = "[CP] Check Pods Manifest.lock";
			outputFileListPaths = (
			);
			outputPaths = (
				"$(DERIVED_FILE_DIR)/Pods-BoostAttendance-checkManifestLockResult.txt",
			);
			runOnlyForDeploymentPostprocessing = 0;
			shellPath = /bin/sh;
			shellScript = "diff \"${PODS_PODFILE_DIR_PATH}/Podfile.lock\" \"${PODS_ROOT}/Manifest.lock\" > /dev/null\nif [ $? != 0 ] ; then\n    # print error to STDERR\n    echo \"error: The sandbox is not in sync with the Podfile.lock. Run 'pod install' or update your CocoaPods installation.\" >&2\n    exit 1\nfi\n# This output is used by Xcode 'outputs' to avoid re-running this script phase.\necho \"SUCCESS\" > \"${SCRIPT_OUTPUT_FILE_0}\"\n";
			showEnvVarsInLog = 0;
		};
/* End PBXShellScriptBuildPhase section */

/* Begin PBXSourcesBuildPhase section */
		F75DBA4826FC8D4F00904645 /* Sources */ = {
			isa = PBXSourcesBuildPhase;
			buildActionMask = 2147483647;
			files = (
				F75DBA5426FC8D4F00904645 /* ViewController.swift in Sources */,
				F75DBA5026FC8D4F00904645 /* AppDelegate.swift in Sources */,
				F7DC806826FCB78300DB539F /* UIViewExtension.swift in Sources */,
				F7DC806A26FCC37400DB539F /* CheckInOutViewController.swift in Sources */,
				F75DBA5226FC8D4F00904645 /* SceneDelegate.swift in Sources */,
			);
			runOnlyForDeploymentPostprocessing = 0;
		};
/* End PBXSourcesBuildPhase section */

/* Begin PBXVariantGroup section */
		F75DBA5526FC8D4F00904645 /* Main.storyboard */ = {
			isa = PBXVariantGroup;
			children = (
				F75DBA5626FC8D4F00904645 /* Base */,
			);
			name = Main.storyboard;
			sourceTree = "<group>";
		};
		F75DBA5A26FC8D5000904645 /* LaunchScreen.storyboard */ = {
			isa = PBXVariantGroup;
			children = (
				F75DBA5B26FC8D5000904645 /* Base */,
			);
			name = LaunchScreen.storyboard;
			sourceTree = "<group>";
		};
/* End PBXVariantGroup section */

/* Begin XCBuildConfiguration section */
		F75DBA5E26FC8D5000904645 /* Debug */ = {
			isa = XCBuildConfiguration;
			buildSettings = {
				ALWAYS_SEARCH_USER_PATHS = NO;
				CLANG_ANALYZER_NONNULL = YES;
				CLANG_ANALYZER_NUMBER_OBJECT_CONVERSION = YES_AGGRESSIVE;
				CLANG_CXX_LANGUAGE_STANDARD = "gnu++14";
				CLANG_CXX_LIBRARY = "libc++";
				CLANG_ENABLE_MODULES = YES;
				CLANG_ENABLE_OBJC_ARC = YES;
				CLANG_ENABLE_OBJC_WEAK = YES;
				CLANG_WARN_BLOCK_CAPTURE_AUTORELEASING = YES;
				CLANG_WARN_BOOL_CONVERSION = YES;
				CLANG_WARN_COMMA = YES;
				CLANG_WARN_CONSTANT_CONVERSION = YES;
				CLANG_WARN_DEPRECATED_OBJC_IMPLEMENTATIONS = YES;
				CLANG_WARN_DIRECT_OBJC_ISA_USAGE = YES_ERROR;
				CLANG_WARN_DOCUMENTATION_COMMENTS = YES;
				CLANG_WARN_EMPTY_BODY = YES;
				CLANG_WARN_ENUM_CONVERSION = YES;
				CLANG_WARN_INFINITE_RECURSION = YES;
				CLANG_WARN_INT_CONVERSION = YES;
				CLANG_WARN_NON_LITERAL_NULL_CONVERSION = YES;
				CLANG_WARN_OBJC_IMPLICIT_RETAIN_SELF = YES;
				CLANG_WARN_OBJC_LITERAL_CONVERSION = YES;
				CLANG_WARN_OBJC_ROOT_CLASS = YES_ERROR;
				CLANG_WARN_QUOTED_INCLUDE_IN_FRAMEWORK_HEADER = YES;
				CLANG_WARN_RANGE_LOOP_ANALYSIS = YES;
				CLANG_WARN_STRICT_PROTOTYPES = YES;
				CLANG_WARN_SUSPICIOUS_MOVE = YES;
				CLANG_WARN_UNGUARDED_AVAILABILITY = YES_AGGRESSIVE;
				CLANG_WARN_UNREACHABLE_CODE = YES;
				CLANG_WARN__DUPLICATE_METHOD_MATCH = YES;
				COPY_PHASE_STRIP = NO;
				DEBUG_INFORMATION_FORMAT = dwarf;
				ENABLE_STRICT_OBJC_MSGSEND = YES;
				ENABLE_TESTABILITY = YES;
				GCC_C_LANGUAGE_STANDARD = gnu11;
				GCC_DYNAMIC_NO_PIC = NO;
				GCC_NO_COMMON_BLOCKS = YES;
				GCC_OPTIMIZATION_LEVEL = 0;
				GCC_PREPROCESSOR_DEFINITIONS = (
					"DEBUG=1",
					"$(inherited)",
				);
				GCC_WARN_64_TO_32_BIT_CONVERSION = YES;
				GCC_WARN_ABOUT_RETURN_TYPE = YES_ERROR;
				GCC_WARN_UNDECLARED_SELECTOR = YES;
				GCC_WARN_UNINITIALIZED_AUTOS = YES_AGGRESSIVE;
				GCC_WARN_UNUSED_FUNCTION = YES;
				GCC_WARN_UNUSED_VARIABLE = YES;
				IPHONEOS_DEPLOYMENT_TARGET = 14.5;
				MTL_ENABLE_DEBUG_INFO = INCLUDE_SOURCE;
				MTL_FAST_MATH = YES;
				ONLY_ACTIVE_ARCH = YES;
				SDKROOT = iphoneos;
				SWIFT_ACTIVE_COMPILATION_CONDITIONS = DEBUG;
				SWIFT_OPTIMIZATION_LEVEL = "-Onone";
			};
			name = Debug;
		};
		F75DBA5F26FC8D5000904645 /* Release */ = {
			isa = XCBuildConfiguration;
			buildSettings = {
				ALWAYS_SEARCH_USER_PATHS = NO;
				CLANG_ANALYZER_NONNULL = YES;
				CLANG_ANALYZER_NUMBER_OBJECT_CONVERSION = YES_AGGRESSIVE;
				CLANG_CXX_LANGUAGE_STANDARD = "gnu++14";
				CLANG_CXX_LIBRARY = "libc++";
				CLANG_ENABLE_MODULES = YES;
				CLANG_ENABLE_OBJC_ARC = YES;
				CLANG_ENABLE_OBJC_WEAK = YES;
				CLANG_WARN_BLOCK_CAPTURE_AUTORELEASING = YES;
				CLANG_WARN_BOOL_CONVERSION = YES;
				CLANG_WARN_COMMA = YES;
				CLANG_WARN_CONSTANT_CONVERSION = YES;
				CLANG_WARN_DEPRECATED_OBJC_IMPLEMENTATIONS = YES;
				CLANG_WARN_DIRECT_OBJC_ISA_USAGE = YES_ERROR;
				CLANG_WARN_DOCUMENTATION_COMMENTS = YES;
				CLANG_WARN_EMPTY_BODY = YES;
				CLANG_WARN_ENUM_CONVERSION = YES;
				CLANG_WARN_INFINITE_RECURSION = YES;
				CLANG_WARN_INT_CONVERSION = YES;
				CLANG_WARN_NON_LITERAL_NULL_CONVERSION = YES;
				CLANG_WARN_OBJC_IMPLICIT_RETAIN_SELF = YES;
				CLANG_WARN_OBJC_LITERAL_CONVERSION = YES;
				CLANG_WARN_OBJC_ROOT_CLASS = YES_ERROR;
				CLANG_WARN_QUOTED_INCLUDE_IN_FRAMEWORK_HEADER = YES;
				CLANG_WARN_RANGE_LOOP_ANALYSIS = YES;
				CLANG_WARN_STRICT_PROTOTYPES = YES;
				CLANG_WARN_SUSPICIOUS_MOVE = YES;
				CLANG_WARN_UNGUARDED_AVAILABILITY = YES_AGGRESSIVE;
				CLANG_WARN_UNREACHABLE_CODE = YES;
				CLANG_WARN__DUPLICATE_METHOD_MATCH = YES;
				COPY_PHASE_STRIP = NO;
				DEBUG_INFORMATION_FORMAT = "dwarf-with-dsym";
				ENABLE_NS_ASSERTIONS = NO;
				ENABLE_STRICT_OBJC_MSGSEND = YES;
				GCC_C_LANGUAGE_STANDARD = gnu11;
				GCC_NO_COMMON_BLOCKS = YES;
				GCC_WARN_64_TO_32_BIT_CONVERSION = YES;
				GCC_WARN_ABOUT_RETURN_TYPE = YES_ERROR;
				GCC_WARN_UNDECLARED_SELECTOR = YES;
				GCC_WARN_UNINITIALIZED_AUTOS = YES_AGGRESSIVE;
				GCC_WARN_UNUSED_FUNCTION = YES;
				GCC_WARN_UNUSED_VARIABLE = YES;
				IPHONEOS_DEPLOYMENT_TARGET = 14.5;
				MTL_ENABLE_DEBUG_INFO = NO;
				MTL_FAST_MATH = YES;
				SDKROOT = iphoneos;
				SWIFT_COMPILATION_MODE = wholemodule;
				SWIFT_OPTIMIZATION_LEVEL = "-O";
				VALIDATE_PRODUCT = YES;
			};
			name = Release;
		};
		F75DBA6126FC8D5000904645 /* Debug */ = {
			isa = XCBuildConfiguration;
			baseConfigurationReference = 1C5EB9079246A56430A9FA62 /* Pods-BoostAttendance.debug.xcconfig */;
			buildSettings = {
				ASSETCATALOG_COMPILER_APPICON_NAME = AppIcon;
				ASSETCATALOG_COMPILER_GLOBAL_ACCENT_COLOR_NAME = AccentColor;
				CODE_SIGN_STYLE = Automatic;
				DEVELOPMENT_TEAM = "";
				INFOPLIST_FILE = BoostAttendance/Info.plist;
				LD_RUNPATH_SEARCH_PATHS = (
					"$(inherited)",
					"@executable_path/Frameworks",
				);
				PRODUCT_BUNDLE_IDENTIFIER = kr.or.connect.boostcamp.BoostAttendance;
				PRODUCT_NAME = "$(TARGET_NAME)";
				SWIFT_VERSION = 5.0;
				TARGETED_DEVICE_FAMILY = "1,2";
			};
			name = Debug;
		};
		F75DBA6226FC8D5000904645 /* Release */ = {
			isa = XCBuildConfiguration;
			baseConfigurationReference = 9DF591B7B2B66ADEEE192111 /* Pods-BoostAttendance.release.xcconfig */;
			buildSettings = {
				ASSETCATALOG_COMPILER_APPICON_NAME = AppIcon;
				ASSETCATALOG_COMPILER_GLOBAL_ACCENT_COLOR_NAME = AccentColor;
				CODE_SIGN_STYLE = Automatic;
				DEVELOPMENT_TEAM = "";
				INFOPLIST_FILE = BoostAttendance/Info.plist;
				LD_RUNPATH_SEARCH_PATHS = (
					"$(inherited)",
					"@executable_path/Frameworks",
				);
				PRODUCT_BUNDLE_IDENTIFIER = kr.or.connect.boostcamp.BoostAttendance;
				PRODUCT_NAME = "$(TARGET_NAME)";
				SWIFT_VERSION = 5.0;
				TARGETED_DEVICE_FAMILY = "1,2";
			};
			name = Release;
		};
/* End XCBuildConfiguration section */

/* Begin XCConfigurationList section */
		F75DBA4726FC8D4F00904645 /* Build configuration list for PBXProject "BoostAttendance" */ = {
			isa = XCConfigurationList;
			buildConfigurations = (
				F75DBA5E26FC8D5000904645 /* Debug */,
				F75DBA5F26FC8D5000904645 /* Release */,
			);
			defaultConfigurationIsVisible = 0;
			defaultConfigurationName = Release;
		};
		F75DBA6026FC8D5000904645 /* Build configuration list for PBXNativeTarget "BoostAttendance" */ = {
			isa = XCConfigurationList;
			buildConfigurations = (
				F75DBA6126FC8D5000904645 /* Debug */,
				F75DBA6226FC8D5000904645 /* Release */,
			);
			defaultConfigurationIsVisible = 0;
			defaultConfigurationName = Release;
		};
/* End XCConfigurationList section */
	};
	rootObject = F75DBA4426FC8D4F00904645 /* Project object */;
}
